
Microsoft Visual Studio Solution File, Format Version 12.00
# Visual Studio Version 16
VisualStudioVersion = 16.0.29609.76
MinimumVisualStudioVersion = 10.0.40219.1
Project("{9A19103F-16F7-4668-BE54-9A1E7A4F7556}") = "Future", "Future\Future.csproj", "{155D5553-D57E-4F57-BC37-8B2FA45B0711}"
EndProject
Project("{FAE04EC0-301F-11D3-BF4B-00C04F79EFBC}") = "FutureTest", "FutureTest\FutureTest.csproj", "{B3FEB042-E17D-415D-AABA-B0CD7DEE55B0}"
EndProject
Global
	GlobalSection(SolutionConfigurationPlatforms) = preSolution
		Debug|Any CPU = Debug|Any CPU
		Release|Any CPU = Release|Any CPU
	EndGlobalSection
	GlobalSection(ProjectConfigurationPlatforms) = postSolution
		{155D5553-D57E-4F57-BC37-8B2FA45B0711}.Debug|Any CPU.ActiveCfg = Debug|Any CPU
		{155D5553-D57E-4F57-BC37-8B2FA45B0711}.Debug|Any CPU.Build.0 = Debug|Any CPU
		{155D5553-D57E-4F57-BC37-8B2FA45B0711}.Release|Any CPU.ActiveCfg = Release|Any CPU
		{155D5553-D57E-4F57-BC37-8B2FA45B0711}.Release|Any CPU.Build.0 = Release|Any CPU
		{B3FEB042-E17D-415D-AABA-B0CD7DEE55B0}.Debug|Any CPU.ActiveCfg = Debug|Any CPU
		{B3FEB042-E17D-415D-AABA-B0CD7DEE55B0}.Debug|Any CPU.Build.0 = Debug|Any CPU
		{B3FEB042-E17D-415D-AABA-B0CD7DEE55B0}.Release|Any CPU.ActiveCfg = Release|Any CPU
		{B3FEB042-E17D-415D-AABA-B0CD7DEE55B0}.Release|Any CPU.Build.0 = Release|Any CPU
	EndGlobalSection
	GlobalSection(SolutionProperties) = preSolution
		HideSolutionNode = FALSE
	EndGlobalSection
	GlobalSection(ExtensibilityGlobals) = postSolution
		SolutionGuid = {7E153087-C892-47CA-9B06-038C3D3B01E4}
	EndGlobalSection
EndGlobal
